
Microsoft Visual Studio Solution File, Format Version 12.00
# Visual Studio Version 17
VisualStudioVersion = 17.5.33424.131
MinimumVisualStudioVersion = 10.0.40219.1
Project("{FAE04EC0-301F-11D3-BF4B-00C04F79EFBC}") = "Course", "Xadrez\Course.csproj", "{EA391F5D-851E-443F-A422-AB2E1E4278E3}"
EndProject
Global
	GlobalSection(SolutionConfigurationPlatforms) = preSolution
		Debug|Any CPU = Debug|Any CPU
		Release|Any CPU = Release|Any CPU
	EndGlobalSection
	GlobalSection(ProjectConfigurationPlatforms) = postSolution
		{EA391F5D-851E-443F-A422-AB2E1E4278E3}.Debug|Any CPU.ActiveCfg = Debug|Any CPU
		{EA391F5D-851E-443F-A422-AB2E1E4278E3}.Debug|Any CPU.Build.0 = Debug|Any CPU
		{EA391F5D-851E-443F-A422-AB2E1E4278E3}.Release|Any CPU.ActiveCfg = Release|Any CPU
		{EA391F5D-851E-443F-A422-AB2E1E4278E3}.Release|Any CPU.Build.0 = Release|Any CPU
	EndGlobalSection
	GlobalSection(SolutionProperties) = preSolution
		HideSolutionNode = FALSE
	EndGlobalSection
	GlobalSection(ExtensibilityGlobals) = postSolution
		SolutionGuid = {6F482C6E-60B1-4C82-9A2D-82D6A1D4F3D6}
	EndGlobalSection
EndGlobal
